
Microsoft Visual Studio Solution File, Format Version 12.00
# Visual Studio Version 16
VisualStudioVersion = 16.0.30621.155
MinimumVisualStudioVersion = 10.0.40219.1
Project("{9A19103F-16F7-4668-BE54-9A1E7A4F7556}") = "ProteinTranslation", "ProteinTranslation.csproj", "{420EA2A2-E68D-48BC-8ACB-2243033B4C09}"
EndProject
Global
	GlobalSection(SolutionConfigurationPlatforms) = preSolution
		Debug|Any CPU = Debug|Any CPU
		Release|Any CPU = Release|Any CPU
	EndGlobalSection
	GlobalSection(ProjectConfigurationPlatforms) = postSolution
		{420EA2A2-E68D-48BC-8ACB-2243033B4C09}.Debug|Any CPU.ActiveCfg = Debug|Any CPU
		{420EA2A2-E68D-48BC-8ACB-2243033B4C09}.Debug|Any CPU.Build.0 = Debug|Any CPU
		{420EA2A2-E68D-48BC-8ACB-2243033B4C09}.Release|Any CPU.ActiveCfg = Release|Any CPU
		{420EA2A2-E68D-48BC-8ACB-2243033B4C09}.Release|Any CPU.Build.0 = Release|Any CPU
	EndGlobalSection
	GlobalSection(SolutionProperties) = preSolution
		HideSolutionNode = FALSE
	EndGlobalSection
	GlobalSection(ExtensibilityGlobals) = postSolution
		SolutionGuid = {D6A2710A-0008-41FD-9860-A2500CDE73E7}
	EndGlobalSection
EndGlobal
