
Microsoft Visual Studio Solution File, Format Version 12.00
# Visual Studio Version 16
VisualStudioVersion = 16.0.30523.141
MinimumVisualStudioVersion = 10.0.40219.1
Project("{9A19103F-16F7-4668-BE54-9A1E7A4F7556}") = "Accumulate", "Accumulate.csproj", "{CC4510F7-A788-4844-8A2C-59BFD67F79CC}"
EndProject
Global
	GlobalSection(SolutionConfigurationPlatforms) = preSolution
		Debug|Any CPU = Debug|Any CPU
		Release|Any CPU = Release|Any CPU
	EndGlobalSection
	GlobalSection(ProjectConfigurationPlatforms) = postSolution
		{CC4510F7-A788-4844-8A2C-59BFD67F79CC}.Debug|Any CPU.ActiveCfg = Debug|Any CPU
		{CC4510F7-A788-4844-8A2C-59BFD67F79CC}.Debug|Any CPU.Build.0 = Debug|Any CPU
		{CC4510F7-A788-4844-8A2C-59BFD67F79CC}.Release|Any CPU.ActiveCfg = Release|Any CPU
		{CC4510F7-A788-4844-8A2C-59BFD67F79CC}.Release|Any CPU.Build.0 = Release|Any CPU
	EndGlobalSection
	GlobalSection(SolutionProperties) = preSolution
		HideSolutionNode = FALSE
	EndGlobalSection
	GlobalSection(ExtensibilityGlobals) = postSolution
		SolutionGuid = {8D74090E-7947-4120-835C-8916FFB6A1C7}
	EndGlobalSection
EndGlobal
