
Microsoft Visual Studio Solution File, Format Version 12.00
# Visual Studio Version 16
VisualStudioVersion = 16.0.30621.155
MinimumVisualStudioVersion = 10.0.40219.1
Project("{9A19103F-16F7-4668-BE54-9A1E7A4F7556}") = "Proverb", "Proverb.csproj", "{DA1E01E9-26F3-4641-9F37-91B2F9BD7EC8}"
EndProject
Global
	GlobalSection(SolutionConfigurationPlatforms) = preSolution
		Debug|Any CPU = Debug|Any CPU
		Release|Any CPU = Release|Any CPU
	EndGlobalSection
	GlobalSection(ProjectConfigurationPlatforms) = postSolution
		{DA1E01E9-26F3-4641-9F37-91B2F9BD7EC8}.Debug|Any CPU.ActiveCfg = Debug|Any CPU
		{DA1E01E9-26F3-4641-9F37-91B2F9BD7EC8}.Debug|Any CPU.Build.0 = Debug|Any CPU
		{DA1E01E9-26F3-4641-9F37-91B2F9BD7EC8}.Release|Any CPU.ActiveCfg = Release|Any CPU
		{DA1E01E9-26F3-4641-9F37-91B2F9BD7EC8}.Release|Any CPU.Build.0 = Release|Any CPU
	EndGlobalSection
	GlobalSection(SolutionProperties) = preSolution
		HideSolutionNode = FALSE
	EndGlobalSection
	GlobalSection(ExtensibilityGlobals) = postSolution
		SolutionGuid = {3EC3D16E-67E0-4647-BD7E-CE376E4C1A1C}
	EndGlobalSection
EndGlobal
