
Microsoft Visual Studio Solution File, Format Version 12.00
# Visual Studio Version 16
VisualStudioVersion = 16.0.30621.155
MinimumVisualStudioVersion = 10.0.40219.1
Project("{9A19103F-16F7-4668-BE54-9A1E7A4F7556}") = "ResistorColorTrio", "ResistorColorTrio.csproj", "{85849062-26AC-444C-A71B-1A9D73AAA737}"
EndProject
Global
	GlobalSection(SolutionConfigurationPlatforms) = preSolution
		Debug|Any CPU = Debug|Any CPU
		Release|Any CPU = Release|Any CPU
	EndGlobalSection
	GlobalSection(ProjectConfigurationPlatforms) = postSolution
		{85849062-26AC-444C-A71B-1A9D73AAA737}.Debug|Any CPU.ActiveCfg = Debug|Any CPU
		{85849062-26AC-444C-A71B-1A9D73AAA737}.Debug|Any CPU.Build.0 = Debug|Any CPU
		{85849062-26AC-444C-A71B-1A9D73AAA737}.Release|Any CPU.ActiveCfg = Release|Any CPU
		{85849062-26AC-444C-A71B-1A9D73AAA737}.Release|Any CPU.Build.0 = Release|Any CPU
	EndGlobalSection
	GlobalSection(SolutionProperties) = preSolution
		HideSolutionNode = FALSE
	EndGlobalSection
	GlobalSection(ExtensibilityGlobals) = postSolution
		SolutionGuid = {8D1FC9DC-FA8E-43E9-BF2A-A2AA8F97344F}
	EndGlobalSection
EndGlobal
