
Microsoft Visual Studio Solution File, Format Version 12.00
# Visual Studio Version 16
VisualStudioVersion = 16.0.30503.244
MinimumVisualStudioVersion = 10.0.40219.1
Project("{9A19103F-16F7-4668-BE54-9A1E7A4F7556}") = "TwoFer", "TwoFer.csproj", "{6C1D6394-3917-49BB-AD5F-697997B173DB}"
EndProject
Global
	GlobalSection(SolutionConfigurationPlatforms) = preSolution
		Debug|Any CPU = Debug|Any CPU
		Release|Any CPU = Release|Any CPU
	EndGlobalSection
	GlobalSection(ProjectConfigurationPlatforms) = postSolution
		{6C1D6394-3917-49BB-AD5F-697997B173DB}.Debug|Any CPU.ActiveCfg = Debug|Any CPU
		{6C1D6394-3917-49BB-AD5F-697997B173DB}.Debug|Any CPU.Build.0 = Debug|Any CPU
		{6C1D6394-3917-49BB-AD5F-697997B173DB}.Release|Any CPU.ActiveCfg = Release|Any CPU
		{6C1D6394-3917-49BB-AD5F-697997B173DB}.Release|Any CPU.Build.0 = Release|Any CPU
	EndGlobalSection
	GlobalSection(SolutionProperties) = preSolution
		HideSolutionNode = FALSE
	EndGlobalSection
	GlobalSection(ExtensibilityGlobals) = postSolution
		SolutionGuid = {AAD5BE88-0BDD-4816-BCCF-04B7485946AF}
	EndGlobalSection
EndGlobal
