
Microsoft Visual Studio Solution File, Format Version 12.00
# Visual Studio Version 16
VisualStudioVersion = 16.0.30611.23
MinimumVisualStudioVersion = 10.0.40219.1
Project("{9A19103F-16F7-4668-BE54-9A1E7A4F7556}") = "ComplexNumbers", "ComplexNumbers.csproj", "{45003EFB-D111-436F-B29F-C52F67E4BEE6}"
EndProject
Global
	GlobalSection(SolutionConfigurationPlatforms) = preSolution
		Debug|Any CPU = Debug|Any CPU
		Release|Any CPU = Release|Any CPU
	EndGlobalSection
	GlobalSection(ProjectConfigurationPlatforms) = postSolution
		{45003EFB-D111-436F-B29F-C52F67E4BEE6}.Debug|Any CPU.ActiveCfg = Debug|Any CPU
		{45003EFB-D111-436F-B29F-C52F67E4BEE6}.Debug|Any CPU.Build.0 = Debug|Any CPU
		{45003EFB-D111-436F-B29F-C52F67E4BEE6}.Release|Any CPU.ActiveCfg = Release|Any CPU
		{45003EFB-D111-436F-B29F-C52F67E4BEE6}.Release|Any CPU.Build.0 = Release|Any CPU
	EndGlobalSection
	GlobalSection(SolutionProperties) = preSolution
		HideSolutionNode = FALSE
	EndGlobalSection
	GlobalSection(ExtensibilityGlobals) = postSolution
		SolutionGuid = {1F02B596-6769-4AFA-A726-374CFFC8814B}
	EndGlobalSection
EndGlobal
