
Microsoft Visual Studio Solution File, Format Version 12.00
# Visual Studio Version 16
VisualStudioVersion = 16.0.30523.141
MinimumVisualStudioVersion = 10.0.40219.1
Project("{9A19103F-16F7-4668-BE54-9A1E7A4F7556}") = "PythagoreanTriplet", "PythagoreanTriplet.csproj", "{AAAA5A31-C1EB-4208-A49C-247576F793FF}"
EndProject
Global
	GlobalSection(SolutionConfigurationPlatforms) = preSolution
		Debug|Any CPU = Debug|Any CPU
		Release|Any CPU = Release|Any CPU
	EndGlobalSection
	GlobalSection(ProjectConfigurationPlatforms) = postSolution
		{AAAA5A31-C1EB-4208-A49C-247576F793FF}.Debug|Any CPU.ActiveCfg = Debug|Any CPU
		{AAAA5A31-C1EB-4208-A49C-247576F793FF}.Debug|Any CPU.Build.0 = Debug|Any CPU
		{AAAA5A31-C1EB-4208-A49C-247576F793FF}.Release|Any CPU.ActiveCfg = Release|Any CPU
		{AAAA5A31-C1EB-4208-A49C-247576F793FF}.Release|Any CPU.Build.0 = Release|Any CPU
	EndGlobalSection
	GlobalSection(SolutionProperties) = preSolution
		HideSolutionNode = FALSE
	EndGlobalSection
	GlobalSection(ExtensibilityGlobals) = postSolution
		SolutionGuid = {AABF47D9-D982-4298-8657-99A1DA837997}
	EndGlobalSection
EndGlobal
