
Microsoft Visual Studio Solution File, Format Version 12.00
# Visual Studio Version 16
VisualStudioVersion = 16.0.30621.155
MinimumVisualStudioVersion = 10.0.40219.1
Project("{9A19103F-16F7-4668-BE54-9A1E7A4F7556}") = "Alphametics", "Alphametics.csproj", "{C68FDB5B-DE65-4148-BE3F-0140E59A0E9F}"
EndProject
Global
	GlobalSection(SolutionConfigurationPlatforms) = preSolution
		Debug|Any CPU = Debug|Any CPU
		Release|Any CPU = Release|Any CPU
	EndGlobalSection
	GlobalSection(ProjectConfigurationPlatforms) = postSolution
		{C68FDB5B-DE65-4148-BE3F-0140E59A0E9F}.Debug|Any CPU.ActiveCfg = Debug|Any CPU
		{C68FDB5B-DE65-4148-BE3F-0140E59A0E9F}.Debug|Any CPU.Build.0 = Debug|Any CPU
		{C68FDB5B-DE65-4148-BE3F-0140E59A0E9F}.Release|Any CPU.ActiveCfg = Release|Any CPU
		{C68FDB5B-DE65-4148-BE3F-0140E59A0E9F}.Release|Any CPU.Build.0 = Release|Any CPU
	EndGlobalSection
	GlobalSection(SolutionProperties) = preSolution
		HideSolutionNode = FALSE
	EndGlobalSection
	GlobalSection(ExtensibilityGlobals) = postSolution
		SolutionGuid = {4529E46F-2602-4892-8CA4-09C4D98B61A9}
	EndGlobalSection
EndGlobal
