
Microsoft Visual Studio Solution File, Format Version 12.00
# Visual Studio Version 16
VisualStudioVersion = 16.0.30621.155
MinimumVisualStudioVersion = 10.0.40219.1
Project("{9A19103F-16F7-4668-BE54-9A1E7A4F7556}") = "GradeSchool", "GradeSchool.csproj", "{EB973E5F-61BA-49FB-83D0-7E3A15761A81}"
EndProject
Global
	GlobalSection(SolutionConfigurationPlatforms) = preSolution
		Debug|Any CPU = Debug|Any CPU
		Release|Any CPU = Release|Any CPU
	EndGlobalSection
	GlobalSection(ProjectConfigurationPlatforms) = postSolution
		{EB973E5F-61BA-49FB-83D0-7E3A15761A81}.Debug|Any CPU.ActiveCfg = Debug|Any CPU
		{EB973E5F-61BA-49FB-83D0-7E3A15761A81}.Debug|Any CPU.Build.0 = Debug|Any CPU
		{EB973E5F-61BA-49FB-83D0-7E3A15761A81}.Release|Any CPU.ActiveCfg = Release|Any CPU
		{EB973E5F-61BA-49FB-83D0-7E3A15761A81}.Release|Any CPU.Build.0 = Release|Any CPU
	EndGlobalSection
	GlobalSection(SolutionProperties) = preSolution
		HideSolutionNode = FALSE
	EndGlobalSection
	GlobalSection(ExtensibilityGlobals) = postSolution
		SolutionGuid = {4FEE3AE2-6511-429B-B874-60218C7F986E}
	EndGlobalSection
EndGlobal
