
Microsoft Visual Studio Solution File, Format Version 12.00
# Visual Studio Version 16
VisualStudioVersion = 16.0.30621.155
MinimumVisualStudioVersion = 10.0.40219.1
Project("{9A19103F-16F7-4668-BE54-9A1E7A4F7556}") = "Etl", "Etl.csproj", "{DA054CC7-4F6C-4CB6-97AA-7601620F4DAF}"
EndProject
Global
	GlobalSection(SolutionConfigurationPlatforms) = preSolution
		Debug|Any CPU = Debug|Any CPU
		Release|Any CPU = Release|Any CPU
	EndGlobalSection
	GlobalSection(ProjectConfigurationPlatforms) = postSolution
		{DA054CC7-4F6C-4CB6-97AA-7601620F4DAF}.Debug|Any CPU.ActiveCfg = Debug|Any CPU
		{DA054CC7-4F6C-4CB6-97AA-7601620F4DAF}.Debug|Any CPU.Build.0 = Debug|Any CPU
		{DA054CC7-4F6C-4CB6-97AA-7601620F4DAF}.Release|Any CPU.ActiveCfg = Release|Any CPU
		{DA054CC7-4F6C-4CB6-97AA-7601620F4DAF}.Release|Any CPU.Build.0 = Release|Any CPU
	EndGlobalSection
	GlobalSection(SolutionProperties) = preSolution
		HideSolutionNode = FALSE
	EndGlobalSection
	GlobalSection(ExtensibilityGlobals) = postSolution
		SolutionGuid = {4659A1B2-2154-43EB-ADCF-77220D7C43B9}
	EndGlobalSection
EndGlobal
