
Microsoft Visual Studio Solution File, Format Version 12.00
# Visual Studio Version 16
VisualStudioVersion = 16.0.30621.155
MinimumVisualStudioVersion = 10.0.40219.1
Project("{9A19103F-16F7-4668-BE54-9A1E7A4F7556}") = "Allergies", "Allergies.csproj", "{AA637592-A87C-4A21-AD47-567BA559E789}"
EndProject
Global
	GlobalSection(SolutionConfigurationPlatforms) = preSolution
		Debug|Any CPU = Debug|Any CPU
		Release|Any CPU = Release|Any CPU
	EndGlobalSection
	GlobalSection(ProjectConfigurationPlatforms) = postSolution
		{AA637592-A87C-4A21-AD47-567BA559E789}.Debug|Any CPU.ActiveCfg = Debug|Any CPU
		{AA637592-A87C-4A21-AD47-567BA559E789}.Debug|Any CPU.Build.0 = Debug|Any CPU
		{AA637592-A87C-4A21-AD47-567BA559E789}.Release|Any CPU.ActiveCfg = Release|Any CPU
		{AA637592-A87C-4A21-AD47-567BA559E789}.Release|Any CPU.Build.0 = Release|Any CPU
	EndGlobalSection
	GlobalSection(SolutionProperties) = preSolution
		HideSolutionNode = FALSE
	EndGlobalSection
	GlobalSection(ExtensibilityGlobals) = postSolution
		SolutionGuid = {32F714B8-8A39-4341-8042-E4B239665B04}
	EndGlobalSection
EndGlobal
