
Microsoft Visual Studio Solution File, Format Version 12.00
# Visual Studio Version 16
VisualStudioVersion = 16.0.30523.141
MinimumVisualStudioVersion = 10.0.40219.1
Project("{9A19103F-16F7-4668-BE54-9A1E7A4F7556}") = "Leap", "Leap.csproj", "{E5D55C12-AC44-4399-B4E1-900B6F329919}"
EndProject
Global
	GlobalSection(SolutionConfigurationPlatforms) = preSolution
		Debug|Any CPU = Debug|Any CPU
		Release|Any CPU = Release|Any CPU
	EndGlobalSection
	GlobalSection(ProjectConfigurationPlatforms) = postSolution
		{E5D55C12-AC44-4399-B4E1-900B6F329919}.Debug|Any CPU.ActiveCfg = Debug|Any CPU
		{E5D55C12-AC44-4399-B4E1-900B6F329919}.Debug|Any CPU.Build.0 = Debug|Any CPU
		{E5D55C12-AC44-4399-B4E1-900B6F329919}.Release|Any CPU.ActiveCfg = Release|Any CPU
		{E5D55C12-AC44-4399-B4E1-900B6F329919}.Release|Any CPU.Build.0 = Release|Any CPU
	EndGlobalSection
	GlobalSection(SolutionProperties) = preSolution
		HideSolutionNode = FALSE
	EndGlobalSection
	GlobalSection(ExtensibilityGlobals) = postSolution
		SolutionGuid = {8FC93A42-2519-4416-B731-EE4964D0714D}
	EndGlobalSection
EndGlobal
