
Microsoft Visual Studio Solution File, Format Version 12.00
# Visual Studio Version 16
VisualStudioVersion = 16.0.30611.23
MinimumVisualStudioVersion = 10.0.40219.1
Project("{9A19103F-16F7-4668-BE54-9A1E7A4F7556}") = "RationalNumbers", "RationalNumbers.csproj", "{7799D0DD-D70F-4D5B-84D8-429A46EB4FBC}"
EndProject
Global
	GlobalSection(SolutionConfigurationPlatforms) = preSolution
		Debug|Any CPU = Debug|Any CPU
		Release|Any CPU = Release|Any CPU
	EndGlobalSection
	GlobalSection(ProjectConfigurationPlatforms) = postSolution
		{7799D0DD-D70F-4D5B-84D8-429A46EB4FBC}.Debug|Any CPU.ActiveCfg = Debug|Any CPU
		{7799D0DD-D70F-4D5B-84D8-429A46EB4FBC}.Debug|Any CPU.Build.0 = Debug|Any CPU
		{7799D0DD-D70F-4D5B-84D8-429A46EB4FBC}.Release|Any CPU.ActiveCfg = Release|Any CPU
		{7799D0DD-D70F-4D5B-84D8-429A46EB4FBC}.Release|Any CPU.Build.0 = Release|Any CPU
	EndGlobalSection
	GlobalSection(SolutionProperties) = preSolution
		HideSolutionNode = FALSE
	EndGlobalSection
	GlobalSection(ExtensibilityGlobals) = postSolution
		SolutionGuid = {4DCCB981-0D23-4C74-AF7A-11779F44DD96}
	EndGlobalSection
EndGlobal
